// !$*UTF8*$!
{
	archiveVersion = 1;
	classes = {
	};
	objectVersion = 46;
	objects = {

/* Begin PBXBuildFile section */
		FEAB7CA91D7385CB00570B31 /* AppDelegate.swift in Sources */ = {isa = PBXBuildFile; fileRef = FEAB7CA81D7385CB00570B31 /* AppDelegate.swift */; };
		FEAB7CAB1D7385CB00570B31 /* ViewController.swift in Sources */ = {isa = PBXBuildFile; fileRef = FEAB7CAA1D7385CB00570B31 /* ViewController.swift */; };
		FEAB7CAE1D7385CB00570B31 /* Main.storyboard in Resources */ = {isa = PBXBuildFile; fileRef = FEAB7CAC1D7385CB00570B31 /* Main.storyboard */; };
		FEAB7CB31D7385CB00570B31 /* Assets.xcassets in Resources */ = {isa = PBXBuildFile; fileRef = FEAB7CB21D7385CB00570B31 /* Assets.xcassets */; };
		FEAB7CB61D7385CB00570B31 /* LaunchScreen.storyboard in Resources */ = {isa = PBXBuildFile; fileRef = FEAB7CB41D7385CB00570B31 /* LaunchScreen.storyboard */; };
/* End PBXBuildFile section */

/* Begin PBXFileReference section */
		FEAB7CA51D7385CB00570B31 /* Dog Walk.app */ = {isa = PBXFileReference; explicitFileType = wrapper.application; includeInIndex = 0; path = "Dog Walk.app"; sourceTree = BUILT_PRODUCTS_DIR; };
		FEAB7CA81D7385CB00570B31 /* AppDelegate.swift */ = {isa = PBXFileReference; lastKnownFileType = sourcecode.swift; path = AppDelegate.swift; sourceTree = "<group>"; };
		FEAB7CAA1D7385CB00570B31 /* ViewController.swift */ = {isa = PBXFileReference; lastKnownFileType = sourcecode.swift; path = ViewController.swift; sourceTree = "<group>"; };
		FEAB7CAD1D7385CB00570B31 /* Base */ = {isa = PBXFileReference; lastKnownFileType = file.storyboard; name = Base; path = Base.lproj/Main.storyboard; sourceTree = "<group>"; };
		FEAB7CB21D7385CB00570B31 /* Assets.xcassets */ = {isa = PBXFileReference; lastKnownFileType = folder.assetcatalog; path = Assets.xcassets; sourceTree = "<group>"; };
		FEAB7CB51D7385CB00570B31 /* Base */ = {isa = PBXFileReference; lastKnownFileType = file.storyboard; name = Base; path = Base.lproj/LaunchScreen.storyboard; sourceTree = "<group>"; };
		FEAB7CB71D7385CB00570B31 /* Info.plist */ = {isa = PBXFileReference; lastKnownFileType = text.plist.xml; path = Info.plist; sourceTree = "<group>"; };
/* End PBXFileReference section */

/* Begin PBXFrameworksBuildPhase section */
		FEAB7CA21D7385CB00570B31 /* Frameworks */ = {
			isa = PBXFrameworksBuildPhase;
			buildActionMask = 2147483647;
			files = (
			);
			runOnlyForDeploymentPostprocessing = 0;
		};
/* End PBXFrameworksBuildPhase section */

/* Begin PBXGroup section */
		FEAB7C9C1D7385CB00570B31 = {
			isa = PBXGroup;
			children = (
				FEAB7CA71D7385CB00570B31 /* Dog Walk */,
				FEAB7CA61D7385CB00570B31 /* Products */,
			);
			indentWidth = 2;
			sourceTree = "<group>";
			tabWidth = 2;
		};
		FEAB7CA61D7385CB00570B31 /* Products */ = {
			isa = PBXGroup;
			children = (
				FEAB7CA51D7385CB00570B31 /* Dog Walk.app */,
			);
			name = Products;
			sourceTree = "<group>";
		};
		FEAB7CA71D7385CB00570B31 /* Dog Walk */ = {
			isa = PBXGroup;
			children = (
				FEAB7CA81D7385CB00570B31 /* AppDelegate.swift */,
				FEAB7CAA1D7385CB00570B31 /* ViewController.swift */,
				FEAB7CAC1D7385CB00570B31 /* Main.storyboard */,
				FEAB7CB21D7385CB00570B31 /* Assets.xcassets */,
				FEAB7CB41D7385CB00570B31 /* LaunchScreen.storyboard */,
				FEAB7CB71D7385CB00570B31 /* Info.plist */,
			);
			path = "Dog Walk";
			sourceTree = "<group>";
		};
/* End PBXGroup section */

/* Begin PBXNativeTarget section */
		FEAB7CA41D7385CB00570B31 /* Dog Walk */ = {
			isa = PBXNativeTarget;
			buildConfigurationList = FEAB7CBA1D7385CB00570B31 /* Build configuration list for PBXNativeTarget "Dog Walk" */;
			buildPhases = (
				FEAB7CA11D7385CB00570B31 /* Sources */,
				FEAB7CA21D7385CB00570B31 /* Frameworks */,
				FEAB7CA31D7385CB00570B31 /* Resources */,
			);
			buildRules = (
			);
			dependencies = (
			);
			name = "Dog Walk";
			productName = "Dog Walk";
			productReference = FEAB7CA51D7385CB00570B31 /* Dog Walk.app */;
			productType = "com.apple.product-type.application";
		};
/* End PBXNativeTarget section */

/* Begin PBXProject section */
		FEAB7C9D1D7385CB00570B31 /* Project object */ = {
			isa = PBXProject;
			attributes = {
				LastSwiftUpdateCheck = 0800;
				LastUpgradeCheck = 0800;
				ORGANIZATIONNAME = Razeware;
				TargetAttributes = {
					FEAB7CA41D7385CB00570B31 = {
						CreatedOnToolsVersion = 8.0;
						ProvisioningStyle = Automatic;
					};
				};
			};
			buildConfigurationList = FEAB7CA01D7385CB00570B31 /* Build configuration list for PBXProject "Dog Walk" */;
			compatibilityVersion = "Xcode 3.2";
			developmentRegion = English;
			hasScannedForEncodings = 0;
			knownRegions = (
				en,
				Base,
			);
			mainGroup = FEAB7C9C1D7385CB00570B31;
			productRefGroup = FEAB7CA61D7385CB00570B31 /* Products */;
			projectDirPath = "";
			projectRoot = "";
			targets = (
				FEAB7CA41D7385CB00570B31 /* Dog Walk */,
			);
		};
/* End PBXProject section */

/* Begin PBXResourcesBuildPhase section */
		FEAB7CA31D7385CB00570B31 /* Resources */ = {
			isa = PBXResourcesBuildPhase;
			buildActionMask = 2147483647;
			files = (
				FEAB7CB61D7385CB00570B31 /* LaunchScreen.storyboard in Resources */,
				FEAB7CB31D7385CB00570B31 /* Assets.xcassets in Resources */,
				FEAB7CAE1D7385CB00570B31 /* Main.storyboard in Resources */,
			);
			runOnlyForDeploymentPostprocessing = 0;
		};
/* End PBXResourcesBuildPhase section */

/* Begin PBXSourcesBuildPhase section */
		FEAB7CA11D7385CB00570B31 /* Sources */ = {
			isa = PBXSourcesBuildPhase;
			buildActionMask = 2147483647;
			files = (
				FEAB7CAB1D7385CB00570B31 /* ViewController.swift in Sources */,
				FEAB7CA91D7385CB00570B31 /* AppDelegate.swift in Sources */,
			);
			runOnlyForDeploymentPostprocessing = 0;
		};
/* End PBXSourcesBuildPhase section */

/* Begin PBXVariantGroup section */
		FEAB7CAC1D7385CB00570B31 /* Main.storyboard */ = {
			isa = PBXVariantGroup;
			children = (
				FEAB7CAD1D7385CB00570B31 /* Base */,
			);
			name = Main.storyboard;
			sourceTree = "<group>";
		};
		FEAB7CB41D7385CB00570B31 /* LaunchScreen.storyboard */ = {
			isa = PBXVariantGroup;
			children = (
				FEAB7CB51D7385CB00570B31 /* Base */,
			);
			name = LaunchScreen.storyboard;
			sourceTree = "<group>";
		};
/* End PBXVariantGroup section */

/* Begin XCBuildConfiguration section */
		FEAB7CB81D7385CB00570B31 /* Debug */ = {
			isa = XCBuildConfiguration;
			buildSettings = {
				ALWAYS_SEARCH_USER_PATHS = NO;
				CLANG_ANALYZER_NONNULL = YES;
				CLANG_CXX_LANGUAGE_STANDARD = "gnu++0x";
				CLANG_CXX_LIBRARY = "libc++";
				CLANG_ENABLE_MODULES = YES;
				CLANG_ENABLE_OBJC_ARC = YES;
				CLANG_WARN_BOOL_CONVERSION = YES;
				CLANG_WARN_CONSTANT_CONVERSION = YES;
				CLANG_WARN_DIRECT_OBJC_ISA_USAGE = YES_ERROR;
				CLANG_WARN_DOCUMENTATION_COMMENTS = YES;
				CLANG_WARN_EMPTY_BODY = YES;
				CLANG_WARN_ENUM_CONVERSION = YES;
				CLANG_WARN_INFINITE_RECURSION = YES;
				CLANG_WARN_INT_CONVERSION = YES;
				CLANG_WARN_OBJC_ROOT_CLASS = YES_ERROR;
				CLANG_WARN_SUSPICIOUS_MOVES = YES;
				CLANG_WARN_UNREACHABLE_CODE = YES;
				CLANG_WARN__DUPLICATE_METHOD_MATCH = YES;
				"CODE_SIGN_IDENTITY[sdk=iphoneos*]" = "iPhone Developer";
				COPY_PHASE_STRIP = NO;
				DEBUG_INFORMATION_FORMAT = dwarf;
				ENABLE_STRICT_OBJC_MSGSEND = YES;
				ENABLE_TESTABILITY = YES;
				GCC_C_LANGUAGE_STANDARD = gnu99;
				GCC_DYNAMIC_NO_PIC = NO;
				GCC_NO_COMMON_BLOCKS = YES;
				GCC_OPTIMIZATION_LEVEL = 0;
				GCC_PREPROCESSOR_DEFINITIONS = (
					"DEBUG=1",
					"$(inherited)",
				);
				GCC_WARN_64_TO_32_BIT_CONVERSION = YES;
				GCC_WARN_ABOUT_RETURN_TYPE = YES_ERROR;
				GCC_WARN_UNDECLARED_SELECTOR = YES;
				GCC_WARN_UNINITIALIZED_AUTOS = YES_AGGRESSIVE;
				GCC_WARN_UNUSED_FUNCTION = YES;
				GCC_WARN_UNUSED_VARIABLE = YES;
				IPHONEOS_DEPLOYMENT_TARGET = 10.0;
				MTL_ENABLE_DEBUG_INFO = YES;
				ONLY_ACTIVE_ARCH = YES;
				SDKROOT = iphoneos;
				SWIFT_ACTIVE_COMPILATION_CONDITIONS = DEBUG;
				SWIFT_OPTIMIZATION_LEVEL = "-Onone";
				TARGETED_DEVICE_FAMILY = "1,2";
			};
			name = Debug;
		};
		FEAB7CB91D7385CB00570B31 /* Release */ = {
			isa = XCBuildConfiguration;
			buildSettings = {
				ALWAYS_SEARCH_USER_PATHS = NO;
				CLANG_ANALYZER_NONNULL = YES;
				CLANG_CXX_LANGUAGE_STANDARD = "gnu++0x";
				CLANG_CXX_LIBRARY = "libc++";
				CLANG_ENABLE_MODULES = YES;
				CLANG_ENABLE_OBJC_ARC = YES;
				CLANG_WARN_BOOL_CONVERSION = YES;
				CLANG_WARN_CONSTANT_CONVERSION = YES;
				CLANG_WARN_DIRECT_OBJC_ISA_USAGE = YES_ERROR;
				CLANG_WARN_DOCUMENTATION_COMMENTS = YES;
				CLANG_WARN_EMPTY_BODY = YES;
				CLANG_WARN_ENUM_CONVERSION = YES;
				CLANG_WARN_INFINITE_RECURSION = YES;
				CLANG_WARN_INT_CONVERSION = YES;
				CLANG_WARN_OBJC_ROOT_CLASS = YES_ERROR;
				CLANG_WARN_SUSPICIOUS_MOVES = YES;
				CLANG_WARN_UNREACHABLE_CODE = YES;
				CLANG_WARN__DUPLICATE_METHOD_MATCH = YES;
				"CODE_SIGN_IDENTITY[sdk=iphoneos*]" = "iPhone Developer";
				COPY_PHASE_STRIP = NO;
				DEBUG_INFORMATION_FORMAT = "dwarf-with-dsym";
				ENABLE_NS_ASSERTIONS = NO;
				ENABLE_STRICT_OBJC_MSGSEND = YES;
				GCC_C_LANGUAGE_STANDARD = gnu99;
				GCC_NO_COMMON_BLOCKS = YES;
				GCC_WARN_64_TO_32_BIT_CONVERSION = YES;
				GCC_WARN_ABOUT_RETURN_TYPE = YES_ERROR;
				GCC_WARN_UNDECLARED_SELECTOR = YES;
				GCC_WARN_UNINITIALIZED_AUTOS = YES_AGGRESSIVE;
				GCC_WARN_UNUSED_FUNCTION = YES;
				GCC_WARN_UNUSED_VARIABLE = YES;
				IPHONEOS_DEPLOYMENT_TARGET = 10.0;
				MTL_ENABLE_DEBUG_INFO = NO;
				SDKROOT = iphoneos;
				SWIFT_OPTIMIZATION_LEVEL = "-Owholemodule";
				TARGETED_DEVICE_FAMILY = "1,2";
				VALIDATE_PRODUCT = YES;
			};
			name = Release;
		};
		FEAB7CBB1D7385CB00570B31 /* Debug */ = {
			isa = XCBuildConfiguration;
			buildSettings = {
				ASSETCATALOG_COMPILER_APPICON_NAME = AppIcon;
				INFOPLIST_FILE = "Dog Walk/Info.plist";
				LD_RUNPATH_SEARCH_PATHS = "$(inherited) @executable_path/Frameworks";
				PRODUCT_BUNDLE_IDENTIFIER = "com.razeware.Dog-Walk";
				PRODUCT_NAME = "$(TARGET_NAME)";
				SWIFT_VERSION = 3.0;
			};
			name = Debug;
		};
		FEAB7CBC1D7385CB00570B31 /* Release */ = {
			isa = XCBuildConfiguration;
			buildSettings = {
				ASSETCATALOG_COMPILER_APPICON_NAME = AppIcon;
				INFOPLIST_FILE = "Dog Walk/Info.plist";
				LD_RUNPATH_SEARCH_PATHS = "$(inherited) @executable_path/Frameworks";
				PRODUCT_BUNDLE_IDENTIFIER = "com.razeware.Dog-Walk";
				PRODUCT_NAME = "$(TARGET_NAME)";
				SWIFT_VERSION = 3.0;
			};
			name = Release;
		};
/* End XCBuildConfiguration section */

/* Begin XCConfigurationList section */
		FEAB7CA01D7385CB00570B31 /* Build configuration list for PBXProject "Dog Walk" */ = {
			isa = XCConfigurationList;
			buildConfigurations = (
				FEAB7CB81D7385CB00570B31 /* Debug */,
				FEAB7CB91D7385CB00570B31 /* Release */,
			);
			defaultConfigurationIsVisible = 0;
			defaultConfigurationName = Release;
		};
		FEAB7CBA1D7385CB00570B31 /* Build configuration list for PBXNativeTarget "Dog Walk" */ = {
			isa = XCConfigurationList;
			buildConfigurations = (
				FEAB7CBB1D7385CB00570B31 /* Debug */,
				FEAB7CBC1D7385CB00570B31 /* Release */,
			);
			defaultConfigurationIsVisible = 0;
			defaultConfigurationName = Release;
		};
/* End XCConfigurationList section */
	};
	rootObject = FEAB7C9D1D7385CB00570B31 /* Project object */;
}
